
Microsoft Visual Studio Solution File, Format Version 12.00
# Visual Studio Version 17
VisualStudioVersion = 17.6.33829.357
MinimumVisualStudioVersion = 10.0.40219.1
Project("{FAE04EC0-301F-11D3-BF4B-00C04F79EFBC}") = "SmartPro_3", "SmartPro_3\SmartPro_3.csproj", "{7E79D3B0-5951-40C9-98CC-A5A2CD50520A}"
EndProject
Global
	GlobalSection(SolutionConfigurationPlatforms) = preSolution
		Debug|Any CPU = Debug|Any CPU
		Release|Any CPU = Release|Any CPU
	EndGlobalSection
	GlobalSection(ProjectConfigurationPlatforms) = postSolution
		{7E79D3B0-5951-40C9-98CC-A5A2CD50520A}.Debug|Any CPU.ActiveCfg = Debug|Any CPU
		{7E79D3B0-5951-40C9-98CC-A5A2CD50520A}.Debug|Any CPU.Build.0 = Debug|Any CPU
		{7E79D3B0-5951-40C9-98CC-A5A2CD50520A}.Release|Any CPU.ActiveCfg = Release|Any CPU
		{7E79D3B0-5951-40C9-98CC-A5A2CD50520A}.Release|Any CPU.Build.0 = Release|Any CPU
	EndGlobalSection
	GlobalSection(SolutionProperties) = preSolution
		HideSolutionNode = FALSE
	EndGlobalSection
	GlobalSection(ExtensibilityGlobals) = postSolution
		SolutionGuid = {878E2BFF-63C2-4874-AA2A-F7FC88F6DB47}
	EndGlobalSection
EndGlobal
